
Microsoft Visual Studio Solution File, Format Version 12.00
# Visual Studio Version 17
VisualStudioVersion = 17.1.32414.318
MinimumVisualStudioVersion = 10.0.40219.1
Project("{8BC9CEB8-8B4A-11D0-8D11-00A0C91BC942}") = "iLoveAAAB", "iLoveAAAB.vcxproj", "{3F6B5491-2E2C-4826-BCF9-9C2D0CE0669A}"
EndProject
Global
	GlobalSection(SolutionConfigurationPlatforms) = preSolution
		Debug|x64 = Debug|x64
		Debug|x86 = Debug|x86
		Release|x64 = Release|x64
		Release|x86 = Release|x86
	EndGlobalSection
	GlobalSection(ProjectConfigurationPlatforms) = postSolution
		{3F6B5491-2E2C-4826-BCF9-9C2D0CE0669A}.Debug|x64.ActiveCfg = Debug|x64
		{3F6B5491-2E2C-4826-BCF9-9C2D0CE0669A}.Debug|x64.Build.0 = Debug|x64
		{3F6B5491-2E2C-4826-BCF9-9C2D0CE0669A}.Debug|x86.ActiveCfg = Debug|Win32
		{3F6B5491-2E2C-4826-BCF9-9C2D0CE0669A}.Debug|x86.Build.0 = Debug|Win32
		{3F6B5491-2E2C-4826-BCF9-9C2D0CE0669A}.Release|x64.ActiveCfg = Release|x64
		{3F6B5491-2E2C-4826-BCF9-9C2D0CE0669A}.Release|x64.Build.0 = Release|x64
		{3F6B5491-2E2C-4826-BCF9-9C2D0CE0669A}.Release|x86.ActiveCfg = Release|Win32
		{3F6B5491-2E2C-4826-BCF9-9C2D0CE0669A}.Release|x86.Build.0 = Release|Win32
	EndGlobalSection
	GlobalSection(SolutionProperties) = preSolution
		HideSolutionNode = FALSE
	EndGlobalSection
	GlobalSection(ExtensibilityGlobals) = postSolution
		SolutionGuid = {1AADC965-388D-4C31-B4FD-E1EC209582DD}
	EndGlobalSection
EndGlobal
